
Microsoft Visual Studio Solution File, Format Version 12.00
# Visual Studio Version 16
VisualStudioVersion = 16.0.29215.179
MinimumVisualStudioVersion = 10.0.40219.1
Project("{FAE04EC0-301F-11D3-BF4B-00C04F79EFBC}") = "CSharptoSQLProject", "CSharptoSQLProject\CSharptoSQLProject.csproj", "{57729ACD-0298-45E4-AC7A-9D2E91352302}"
EndProject
Project("{FAE04EC0-301F-11D3-BF4B-00C04F79EFBC}") = "CSharptoSQLProjectLibrary", "CSharptoSQLProjectLibrary\CSharptoSQLProjectLibrary.csproj", "{15A26891-919A-43EC-8B93-5DC9B45230F8}"
EndProject
Global
	GlobalSection(SolutionConfigurationPlatforms) = preSolution
		Debug|Any CPU = Debug|Any CPU
		Release|Any CPU = Release|Any CPU
	EndGlobalSection
	GlobalSection(ProjectConfigurationPlatforms) = postSolution
		{57729ACD-0298-45E4-AC7A-9D2E91352302}.Debug|Any CPU.ActiveCfg = Debug|Any CPU
		{57729ACD-0298-45E4-AC7A-9D2E91352302}.Debug|Any CPU.Build.0 = Debug|Any CPU
		{57729ACD-0298-45E4-AC7A-9D2E91352302}.Release|Any CPU.ActiveCfg = Release|Any CPU
		{57729ACD-0298-45E4-AC7A-9D2E91352302}.Release|Any CPU.Build.0 = Release|Any CPU
		{15A26891-919A-43EC-8B93-5DC9B45230F8}.Debug|Any CPU.ActiveCfg = Debug|Any CPU
		{15A26891-919A-43EC-8B93-5DC9B45230F8}.Debug|Any CPU.Build.0 = Debug|Any CPU
		{15A26891-919A-43EC-8B93-5DC9B45230F8}.Release|Any CPU.ActiveCfg = Release|Any CPU
		{15A26891-919A-43EC-8B93-5DC9B45230F8}.Release|Any CPU.Build.0 = Release|Any CPU
	EndGlobalSection
	GlobalSection(SolutionProperties) = preSolution
		HideSolutionNode = FALSE
	EndGlobalSection
	GlobalSection(ExtensibilityGlobals) = postSolution
		SolutionGuid = {B86C25B5-387A-4FDB-88B7-14A97A16531D}
	EndGlobalSection
EndGlobal
